
Microsoft Visual Studio Solution File, Format Version 12.00
# Visual Studio Version 16
VisualStudioVersion = 25.0.1706.0
MinimumVisualStudioVersion = 10.0.40219.1
Project("{FAE04EC0-301F-11D3-BF4B-00C04F79EFBC}") = "ConverterPDF", "ConverterPDF.csproj", "{C5080414-70D7-4939-BDDD-F8D2969703FA}"
EndProject
Global
	GlobalSection(SolutionConfigurationPlatforms) = preSolution
		Debug|Any CPU = Debug|Any CPU
		Release|Any CPU = Release|Any CPU
	EndGlobalSection
	GlobalSection(ProjectConfigurationPlatforms) = postSolution
		{C5080414-70D7-4939-BDDD-F8D2969703FA}.Debug|Any CPU.ActiveCfg = Debug|Any CPU
		{C5080414-70D7-4939-BDDD-F8D2969703FA}.Debug|Any CPU.Build.0 = Debug|Any CPU
		{C5080414-70D7-4939-BDDD-F8D2969703FA}.Release|Any CPU.ActiveCfg = Release|Any CPU
		{C5080414-70D7-4939-BDDD-F8D2969703FA}.Release|Any CPU.Build.0 = Release|Any CPU
	EndGlobalSection
	GlobalSection(SolutionProperties) = preSolution
		HideSolutionNode = FALSE
	EndGlobalSection
	GlobalSection(ExtensibilityGlobals) = postSolution
		SolutionGuid = {F9FA6A4B-4831-4870-B36D-15C9068E37BF}
	EndGlobalSection
EndGlobal
